// !$*UTF8*$!
{
	archiveVersion = 1;
	classes = {
	};
	objectVersion = 46;
	objects = {

/* Begin PBXBuildFile section */
		7692FD2A3B9B8228AAE01FF2 /* Pods_Issue_Map.framework in Frameworks */ = {isa = PBXBuildFile; fileRef = 80C301D9BB1A6ACA33A5DD40 /* Pods_Issue_Map.framework */; };
		802D1BB6B466C73B3BAAB9B9 /* Pods_Issue_MapUITests.framework in Frameworks */ = {isa = PBXBuildFile; fileRef = 6A2993FEA0DFA1C32D087850 /* Pods_Issue_MapUITests.framework */; };
		8E352C5078AD32C353462987 /* Pods_Issue_MapTests.framework in Frameworks */ = {isa = PBXBuildFile; fileRef = DF27B6D60D837E243124B83C /* Pods_Issue_MapTests.framework */; };
		C36A72071DFB372A00557C49 /* AppDelegate.swift in Sources */ = {isa = PBXBuildFile; fileRef = C36A72061DFB372A00557C49 /* AppDelegate.swift */; };
		C36A72091DFB372A00557C49 /* ViewController.swift in Sources */ = {isa = PBXBuildFile; fileRef = C36A72081DFB372A00557C49 /* ViewController.swift */; };
		C36A720C1DFB372A00557C49 /* Main.storyboard in Resources */ = {isa = PBXBuildFile; fileRef = C36A720A1DFB372A00557C49 /* Main.storyboard */; };
		C36A720E1DFB372A00557C49 /* Assets.xcassets in Resources */ = {isa = PBXBuildFile; fileRef = C36A720D1DFB372A00557C49 /* Assets.xcassets */; };
		C36A72111DFB372A00557C49 /* LaunchScreen.storyboard in Resources */ = {isa = PBXBuildFile; fileRef = C36A720F1DFB372A00557C49 /* LaunchScreen.storyboard */; };
		C36A721C1DFB372A00557C49 /* Issue_MapTests.swift in Sources */ = {isa = PBXBuildFile; fileRef = C36A721B1DFB372A00557C49 /* Issue_MapTests.swift */; };
		C36A72271DFB372A00557C49 /* Issue_MapUITests.swift in Sources */ = {isa = PBXBuildFile; fileRef = C36A72261DFB372A00557C49 /* Issue_MapUITests.swift */; };
		C36A72351DFB3B1D00557C49 /* MapKit.framework in Frameworks */ = {isa = PBXBuildFile; fileRef = C36A72341DFB3B1D00557C49 /* MapKit.framework */; };
		C36A723A1DFB3F7A00557C49 /* BitbucketAPIService.swift in Sources */ = {isa = PBXBuildFile; fileRef = C36A72391DFB3F7A00557C49 /* BitbucketAPIService.swift */; };
		C36A723C1DFB40F500557C49 /* Issue.swift in Sources */ = {isa = PBXBuildFile; fileRef = C36A723B1DFB40F500557C49 /* Issue.swift */; };
		C36A723E1DFB411A00557C49 /* IssueAPIResult.swift in Sources */ = {isa = PBXBuildFile; fileRef = C36A723D1DFB411A00557C49 /* IssueAPIResult.swift */; };
		C36A72401DFB421300557C49 /* IssuesListViewController.swift in Sources */ = {isa = PBXBuildFile; fileRef = C36A723F1DFB421300557C49 /* IssuesListViewController.swift */; };
/* End PBXBuildFile section */

/* Begin PBXContainerItemProxy section */
		C36A72181DFB372A00557C49 /* PBXContainerItemProxy */ = {
			isa = PBXContainerItemProxy;
			containerPortal = C36A71FB1DFB372A00557C49 /* Project object */;
			proxyType = 1;
			remoteGlobalIDString = C36A72021DFB372A00557C49;
			remoteInfo = "Issue Map";
		};
		C36A72231DFB372A00557C49 /* PBXContainerItemProxy */ = {
			isa = PBXContainerItemProxy;
			containerPortal = C36A71FB1DFB372A00557C49 /* Project object */;
			proxyType = 1;
			remoteGlobalIDString = C36A72021DFB372A00557C49;
			remoteInfo = "Issue Map";
		};
/* End PBXContainerItemProxy section */

/* Begin PBXFileReference section */
		06EE2BBDB31DDC77D1545778 /* Pods-Issue MapUITests.release.xcconfig */ = {isa = PBXFileReference; includeInIndex = 1; lastKnownFileType = text.xcconfig; name = "Pods-Issue MapUITests.release.xcconfig"; path = "Pods/Target Support Files/Pods-Issue MapUITests/Pods-Issue MapUITests.release.xcconfig"; sourceTree = "<group>"; };
		50010F1BA3F41B71466C08E8 /* Pods-Issue Map.release.xcconfig */ = {isa = PBXFileReference; includeInIndex = 1; lastKnownFileType = text.xcconfig; name = "Pods-Issue Map.release.xcconfig"; path = "Pods/Target Support Files/Pods-Issue Map/Pods-Issue Map.release.xcconfig"; sourceTree = "<group>"; };
		6A2993FEA0DFA1C32D087850 /* Pods_Issue_MapUITests.framework */ = {isa = PBXFileReference; explicitFileType = wrapper.framework; includeInIndex = 0; path = Pods_Issue_MapUITests.framework; sourceTree = BUILT_PRODUCTS_DIR; };
		80C301D9BB1A6ACA33A5DD40 /* Pods_Issue_Map.framework */ = {isa = PBXFileReference; explicitFileType = wrapper.framework; includeInIndex = 0; path = Pods_Issue_Map.framework; sourceTree = BUILT_PRODUCTS_DIR; };
		C36A72031DFB372A00557C49 /* Issue Map.app */ = {isa = PBXFileReference; explicitFileType = wrapper.application; includeInIndex = 0; path = "Issue Map.app"; sourceTree = BUILT_PRODUCTS_DIR; };
		C36A72061DFB372A00557C49 /* AppDelegate.swift */ = {isa = PBXFileReference; lastKnownFileType = sourcecode.swift; path = AppDelegate.swift; sourceTree = "<group>"; };
		C36A72081DFB372A00557C49 /* ViewController.swift */ = {isa = PBXFileReference; lastKnownFileType = sourcecode.swift; path = ViewController.swift; sourceTree = "<group>"; };
		C36A720B1DFB372A00557C49 /* Base */ = {isa = PBXFileReference; lastKnownFileType = file.storyboard; name = Base; path = Base.lproj/Main.storyboard; sourceTree = "<group>"; };
		C36A720D1DFB372A00557C49 /* Assets.xcassets */ = {isa = PBXFileReference; lastKnownFileType = folder.assetcatalog; path = Assets.xcassets; sourceTree = "<group>"; };
		C36A72101DFB372A00557C49 /* Base */ = {isa = PBXFileReference; lastKnownFileType = file.storyboard; name = Base; path = Base.lproj/LaunchScreen.storyboard; sourceTree = "<group>"; };
		C36A72121DFB372A00557C49 /* Info.plist */ = {isa = PBXFileReference; lastKnownFileType = text.plist.xml; path = Info.plist; sourceTree = "<group>"; };
		C36A72171DFB372A00557C49 /* Issue MapTests.xctest */ = {isa = PBXFileReference; explicitFileType = wrapper.cfbundle; includeInIndex = 0; path = "Issue MapTests.xctest"; sourceTree = BUILT_PRODUCTS_DIR; };
		C36A721B1DFB372A00557C49 /* Issue_MapTests.swift */ = {isa = PBXFileReference; lastKnownFileType = sourcecode.swift; path = Issue_MapTests.swift; sourceTree = "<group>"; };
		C36A721D1DFB372A00557C49 /* Info.plist */ = {isa = PBXFileReference; lastKnownFileType = text.plist.xml; path = Info.plist; sourceTree = "<group>"; };
		C36A72221DFB372A00557C49 /* Issue MapUITests.xctest */ = {isa = PBXFileReference; explicitFileType = wrapper.cfbundle; includeInIndex = 0; path = "Issue MapUITests.xctest"; sourceTree = BUILT_PRODUCTS_DIR; };
		C36A72261DFB372A00557C49 /* Issue_MapUITests.swift */ = {isa = PBXFileReference; lastKnownFileType = sourcecode.swift; path = Issue_MapUITests.swift; sourceTree = "<group>"; };
		C36A72281DFB372A00557C49 /* Info.plist */ = {isa = PBXFileReference; lastKnownFileType = text.plist.xml; path = Info.plist; sourceTree = "<group>"; };
		C36A72341DFB3B1D00557C49 /* MapKit.framework */ = {isa = PBXFileReference; lastKnownFileType = wrapper.framework; name = MapKit.framework; path = System/Library/Frameworks/MapKit.framework; sourceTree = SDKROOT; };
		C36A72391DFB3F7A00557C49 /* BitbucketAPIService.swift */ = {isa = PBXFileReference; fileEncoding = 4; lastKnownFileType = sourcecode.swift; name = BitbucketAPIService.swift; path = Model/BitbucketAPIService.swift; sourceTree = "<group>"; };
		C36A723B1DFB40F500557C49 /* Issue.swift */ = {isa = PBXFileReference; fileEncoding = 4; lastKnownFileType = sourcecode.swift; name = Issue.swift; path = Model/Issue.swift; sourceTree = "<group>"; };
		C36A723D1DFB411A00557C49 /* IssueAPIResult.swift */ = {isa = PBXFileReference; fileEncoding = 4; lastKnownFileType = sourcecode.swift; name = IssueAPIResult.swift; path = Model/IssueAPIResult.swift; sourceTree = "<group>"; };
		C36A723F1DFB421300557C49 /* IssuesListViewController.swift */ = {isa = PBXFileReference; fileEncoding = 4; lastKnownFileType = sourcecode.swift; name = IssuesListViewController.swift; path = Controllers/IssuesListViewController.swift; sourceTree = "<group>"; };
		DF27B6D60D837E243124B83C /* Pods_Issue_MapTests.framework */ = {isa = PBXFileReference; explicitFileType = wrapper.framework; includeInIndex = 0; path = Pods_Issue_MapTests.framework; sourceTree = BUILT_PRODUCTS_DIR; };
		DF91C9EE25BD1843333A6AF4 /* Pods-Issue MapUITests.debug.xcconfig */ = {isa = PBXFileReference; includeInIndex = 1; lastKnownFileType = text.xcconfig; name = "Pods-Issue MapUITests.debug.xcconfig"; path = "Pods/Target Support Files/Pods-Issue MapUITests/Pods-Issue MapUITests.debug.xcconfig"; sourceTree = "<group>"; };
		E6E839AF0EA809094A3B7105 /* Pods-Issue MapTests.release.xcconfig */ = {isa = PBXFileReference; includeInIndex = 1; lastKnownFileType = text.xcconfig; name = "Pods-Issue MapTests.release.xcconfig"; path = "Pods/Target Support Files/Pods-Issue MapTests/Pods-Issue MapTests.release.xcconfig"; sourceTree = "<group>"; };
		F47507735837E933E795AC6D /* Pods-Issue MapTests.debug.xcconfig */ = {isa = PBXFileReference; includeInIndex = 1; lastKnownFileType = text.xcconfig; name = "Pods-Issue MapTests.debug.xcconfig"; path = "Pods/Target Support Files/Pods-Issue MapTests/Pods-Issue MapTests.debug.xcconfig"; sourceTree = "<group>"; };
		FB0350269ABCCC2F80F68D10 /* Pods-Issue Map.debug.xcconfig */ = {isa = PBXFileReference; includeInIndex = 1; lastKnownFileType = text.xcconfig; name = "Pods-Issue Map.debug.xcconfig"; path = "Pods/Target Support Files/Pods-Issue Map/Pods-Issue Map.debug.xcconfig"; sourceTree = "<group>"; };
/* End PBXFileReference section */

/* Begin PBXFrameworksBuildPhase section */
		C36A72001DFB372A00557C49 /* Frameworks */ = {
			isa = PBXFrameworksBuildPhase;
			buildActionMask = 2147483647;
			files = (
				C36A72351DFB3B1D00557C49 /* MapKit.framework in Frameworks */,
				7692FD2A3B9B8228AAE01FF2 /* Pods_Issue_Map.framework in Frameworks */,
			);
			runOnlyForDeploymentPostprocessing = 0;
		};
		C36A72141DFB372A00557C49 /* Frameworks */ = {
			isa = PBXFrameworksBuildPhase;
			buildActionMask = 2147483647;
			files = (
				8E352C5078AD32C353462987 /* Pods_Issue_MapTests.framework in Frameworks */,
			);
			runOnlyForDeploymentPostprocessing = 0;
		};
		C36A721F1DFB372A00557C49 /* Frameworks */ = {
			isa = PBXFrameworksBuildPhase;
			buildActionMask = 2147483647;
			files = (
				802D1BB6B466C73B3BAAB9B9 /* Pods_Issue_MapUITests.framework in Frameworks */,
			);
			runOnlyForDeploymentPostprocessing = 0;
		};
/* End PBXFrameworksBuildPhase section */

/* Begin PBXGroup section */
		5D73C7617F1FCCE43F6407AD /* Frameworks */ = {
			isa = PBXGroup;
			children = (
				C36A72341DFB3B1D00557C49 /* MapKit.framework */,
				80C301D9BB1A6ACA33A5DD40 /* Pods_Issue_Map.framework */,
				DF27B6D60D837E243124B83C /* Pods_Issue_MapTests.framework */,
				6A2993FEA0DFA1C32D087850 /* Pods_Issue_MapUITests.framework */,
			);
			name = Frameworks;
			sourceTree = "<group>";
		};
		A61975F492665E776944EADD /* Pods */ = {
			isa = PBXGroup;
			children = (
				FB0350269ABCCC2F80F68D10 /* Pods-Issue Map.debug.xcconfig */,
				50010F1BA3F41B71466C08E8 /* Pods-Issue Map.release.xcconfig */,
				F47507735837E933E795AC6D /* Pods-Issue MapTests.debug.xcconfig */,
				E6E839AF0EA809094A3B7105 /* Pods-Issue MapTests.release.xcconfig */,
				DF91C9EE25BD1843333A6AF4 /* Pods-Issue MapUITests.debug.xcconfig */,
				06EE2BBDB31DDC77D1545778 /* Pods-Issue MapUITests.release.xcconfig */,
			);
			name = Pods;
			sourceTree = "<group>";
		};
		C36A71FA1DFB372A00557C49 = {
			isa = PBXGroup;
			children = (
				C36A72051DFB372A00557C49 /* Issue Map */,
				C36A721A1DFB372A00557C49 /* Issue MapTests */,
				C36A72251DFB372A00557C49 /* Issue MapUITests */,
				C36A72041DFB372A00557C49 /* Products */,
				A61975F492665E776944EADD /* Pods */,
				5D73C7617F1FCCE43F6407AD /* Frameworks */,
			);
			sourceTree = "<group>";
		};
		C36A72041DFB372A00557C49 /* Products */ = {
			isa = PBXGroup;
			children = (
				C36A72031DFB372A00557C49 /* Issue Map.app */,
				C36A72171DFB372A00557C49 /* Issue MapTests.xctest */,
				C36A72221DFB372A00557C49 /* Issue MapUITests.xctest */,
			);
			name = Products;
			sourceTree = "<group>";
		};
		C36A72051DFB372A00557C49 /* Issue Map */ = {
			isa = PBXGroup;
			children = (
				C36A72381DFB3F2000557C49 /* Model */,
				C36A72061DFB372A00557C49 /* AppDelegate.swift */,
				C36A72371DFB3F1900557C49 /* Controllers */,
				C36A72361DFB3F1200557C49 /* Views */,
				C36A72121DFB372A00557C49 /* Info.plist */,
			);
			path = "Issue Map";
			sourceTree = "<group>";
		};
		C36A721A1DFB372A00557C49 /* Issue MapTests */ = {
			isa = PBXGroup;
			children = (
				C36A721B1DFB372A00557C49 /* Issue_MapTests.swift */,
				C36A721D1DFB372A00557C49 /* Info.plist */,
			);
			path = "Issue MapTests";
			sourceTree = "<group>";
		};
		C36A72251DFB372A00557C49 /* Issue MapUITests */ = {
			isa = PBXGroup;
			children = (
				C36A72261DFB372A00557C49 /* Issue_MapUITests.swift */,
				C36A72281DFB372A00557C49 /* Info.plist */,
			);
			path = "Issue MapUITests";
			sourceTree = "<group>";
		};
		C36A72361DFB3F1200557C49 /* Views */ = {
			isa = PBXGroup;
			children = (
				C36A720A1DFB372A00557C49 /* Main.storyboard */,
				C36A720D1DFB372A00557C49 /* Assets.xcassets */,
				C36A720F1DFB372A00557C49 /* LaunchScreen.storyboard */,
			);
			name = Views;
			sourceTree = "<group>";
		};
		C36A72371DFB3F1900557C49 /* Controllers */ = {
			isa = PBXGroup;
			children = (
				C36A72081DFB372A00557C49 /* ViewController.swift */,
				C36A723F1DFB421300557C49 /* IssuesListViewController.swift */,
			);
			name = Controllers;
			sourceTree = "<group>";
		};
		C36A72381DFB3F2000557C49 /* Model */ = {
			isa = PBXGroup;
			children = (
				C36A72391DFB3F7A00557C49 /* BitbucketAPIService.swift */,
				C36A723B1DFB40F500557C49 /* Issue.swift */,
				C36A723D1DFB411A00557C49 /* IssueAPIResult.swift */,
			);
			name = Model;
			sourceTree = "<group>";
		};
/* End PBXGroup section */

/* Begin PBXNativeTarget section */
		C36A72021DFB372A00557C49 /* Issue Map */ = {
			isa = PBXNativeTarget;
			buildConfigurationList = C36A722B1DFB372A00557C49 /* Build configuration list for PBXNativeTarget "Issue Map" */;
			buildPhases = (
				B53B10EC0600A079A43D2E67 /* [CP] Check Pods Manifest.lock */,
				C36A71FF1DFB372A00557C49 /* Sources */,
				C36A72001DFB372A00557C49 /* Frameworks */,
				C36A72011DFB372A00557C49 /* Resources */,
				1ADBFD881D0933693DA2094E /* [CP] Embed Pods Frameworks */,
				05F6C7D2FE85A3AC4DFCA34C /* [CP] Copy Pods Resources */,
			);
			buildRules = (
			);
			dependencies = (
			);
			name = "Issue Map";
			productName = "Issue Map";
			productReference = C36A72031DFB372A00557C49 /* Issue Map.app */;
			productType = "com.apple.product-type.application";
		};
		C36A72161DFB372A00557C49 /* Issue MapTests */ = {
			isa = PBXNativeTarget;
			buildConfigurationList = C36A722E1DFB372A00557C49 /* Build configuration list for PBXNativeTarget "Issue MapTests" */;
			buildPhases = (
				A079FCDD1E008638787F4D8F /* [CP] Check Pods Manifest.lock */,
				C36A72131DFB372A00557C49 /* Sources */,
				C36A72141DFB372A00557C49 /* Frameworks */,
				C36A72151DFB372A00557C49 /* Resources */,
				02ABE3B7CFBEBEF48EBF149D /* [CP] Embed Pods Frameworks */,
				61D073C057D9542949AE498D /* [CP] Copy Pods Resources */,
			);
			buildRules = (
			);
			dependencies = (
				C36A72191DFB372A00557C49 /* PBXTargetDependency */,
			);
			name = "Issue MapTests";
			productName = "Issue MapTests";
			productReference = C36A72171DFB372A00557C49 /* Issue MapTests.xctest */;
			productType = "com.apple.product-type.bundle.unit-test";
		};
		C36A72211DFB372A00557C49 /* Issue MapUITests */ = {
			isa = PBXNativeTarget;
			buildConfigurationList = C36A72311DFB372A00557C49 /* Build configuration list for PBXNativeTarget "Issue MapUITests" */;
			buildPhases = (
				207F82CBF78F36AFDFE425F7 /* [CP] Check Pods Manifest.lock */,
				C36A721E1DFB372A00557C49 /* Sources */,
				C36A721F1DFB372A00557C49 /* Frameworks */,
				C36A72201DFB372A00557C49 /* Resources */,
				4CF0C0C6B3A00FEA5A44030E /* [CP] Embed Pods Frameworks */,
				0E3291AE500C51BEFD11418A /* [CP] Copy Pods Resources */,
			);
			buildRules = (
			);
			dependencies = (
				C36A72241DFB372A00557C49 /* PBXTargetDependency */,
			);
			name = "Issue MapUITests";
			productName = "Issue MapUITests";
			productReference = C36A72221DFB372A00557C49 /* Issue MapUITests.xctest */;
			productType = "com.apple.product-type.bundle.ui-testing";
		};
/* End PBXNativeTarget section */

/* Begin PBXProject section */
		C36A71FB1DFB372A00557C49 /* Project object */ = {
			isa = PBXProject;
			attributes = {
				LastSwiftUpdateCheck = 0810;
				LastUpgradeCheck = 0810;
				ORGANIZATIONNAME = "Ronald Martin";
				TargetAttributes = {
					C36A72021DFB372A00557C49 = {
						CreatedOnToolsVersion = 8.1;
						ProvisioningStyle = Automatic;
						SystemCapabilities = {
							com.apple.Maps.iOS = {
								enabled = 1;
							};
						};
					};
					C36A72161DFB372A00557C49 = {
						CreatedOnToolsVersion = 8.1;
						ProvisioningStyle = Automatic;
						TestTargetID = C36A72021DFB372A00557C49;
					};
					C36A72211DFB372A00557C49 = {
						CreatedOnToolsVersion = 8.1;
						ProvisioningStyle = Automatic;
						TestTargetID = C36A72021DFB372A00557C49;
					};
				};
			};
			buildConfigurationList = C36A71FE1DFB372A00557C49 /* Build configuration list for PBXProject "Issue Map" */;
			compatibilityVersion = "Xcode 3.2";
			developmentRegion = English;
			hasScannedForEncodings = 0;
			knownRegions = (
				en,
				Base,
			);
			mainGroup = C36A71FA1DFB372A00557C49;
			productRefGroup = C36A72041DFB372A00557C49 /* Products */;
			projectDirPath = "";
			projectRoot = "";
			targets = (
				C36A72021DFB372A00557C49 /* Issue Map */,
				C36A72161DFB372A00557C49 /* Issue MapTests */,
				C36A72211DFB372A00557C49 /* Issue MapUITests */,
			);
		};
/* End PBXProject section */

/* Begin PBXResourcesBuildPhase section */
		C36A72011DFB372A00557C49 /* Resources */ = {
			isa = PBXResourcesBuildPhase;
			buildActionMask = 2147483647;
			files = (
				C36A72111DFB372A00557C49 /* LaunchScreen.storyboard in Resources */,
				C36A720E1DFB372A00557C49 /* Assets.xcassets in Resources */,
				C36A720C1DFB372A00557C49 /* Main.storyboard in Resources */,
			);
			runOnlyForDeploymentPostprocessing = 0;
		};
		C36A72151DFB372A00557C49 /* Resources */ = {
			isa = PBXResourcesBuildPhase;
			buildActionMask = 2147483647;
			files = (
			);
			runOnlyForDeploymentPostprocessing = 0;
		};
		C36A72201DFB372A00557C49 /* Resources */ = {
			isa = PBXResourcesBuildPhase;
			buildActionMask = 2147483647;
			files = (
			);
			runOnlyForDeploymentPostprocessing = 0;
		};
/* End PBXResourcesBuildPhase section */

/* Begin PBXShellScriptBuildPhase section */
		02ABE3B7CFBEBEF48EBF149D /* [CP] Embed Pods Frameworks */ = {
			isa = PBXShellScriptBuildPhase;
			buildActionMask = 2147483647;
			files = (
			);
			inputPaths = (
			);
			name = "[CP] Embed Pods Frameworks";
			outputPaths = (
			);
			runOnlyForDeploymentPostprocessing = 0;
			shellPath = /bin/sh;
			shellScript = "\"${SRCROOT}/Pods/Target Support Files/Pods-Issue MapTests/Pods-Issue MapTests-frameworks.sh\"\n";
			showEnvVarsInLog = 0;
		};
		05F6C7D2FE85A3AC4DFCA34C /* [CP] Copy Pods Resources */ = {
			isa = PBXShellScriptBuildPhase;
			buildActionMask = 2147483647;
			files = (
			);
			inputPaths = (
			);
			name = "[CP] Copy Pods Resources";
			outputPaths = (
			);
			runOnlyForDeploymentPostprocessing = 0;
			shellPath = /bin/sh;
			shellScript = "\"${SRCROOT}/Pods/Target Support Files/Pods-Issue Map/Pods-Issue Map-resources.sh\"\n";
			showEnvVarsInLog = 0;
		};
		0E3291AE500C51BEFD11418A /* [CP] Copy Pods Resources */ = {
			isa = PBXShellScriptBuildPhase;
			buildActionMask = 2147483647;
			files = (
			);
			inputPaths = (
			);
			name = "[CP] Copy Pods Resources";
			outputPaths = (
			);
			runOnlyForDeploymentPostprocessing = 0;
			shellPath = /bin/sh;
			shellScript = "\"${SRCROOT}/Pods/Target Support Files/Pods-Issue MapUITests/Pods-Issue MapUITests-resources.sh\"\n";
			showEnvVarsInLog = 0;
		};
		1ADBFD881D0933693DA2094E /* [CP] Embed Pods Frameworks */ = {
			isa = PBXShellScriptBuildPhase;
			buildActionMask = 2147483647;
			files = (
			);
			inputPaths = (
			);
			name = "[CP] Embed Pods Frameworks";
			outputPaths = (
			);
			runOnlyForDeploymentPostprocessing = 0;
			shellPath = /bin/sh;
			shellScript = "\"${SRCROOT}/Pods/Target Support Files/Pods-Issue Map/Pods-Issue Map-frameworks.sh\"\n";
			showEnvVarsInLog = 0;
		};
		207F82CBF78F36AFDFE425F7 /* [CP] Check Pods Manifest.lock */ = {
			isa = PBXShellScriptBuildPhase;
			buildActionMask = 2147483647;
			files = (
			);
			inputPaths = (
			);
			name = "[CP] Check Pods Manifest.lock";
			outputPaths = (
			);
			runOnlyForDeploymentPostprocessing = 0;
			shellPath = /bin/sh;
			shellScript = "diff \"${PODS_ROOT}/../Podfile.lock\" \"${PODS_ROOT}/Manifest.lock\" > /dev/null\nif [ $? != 0 ] ; then\n    # print error to STDERR\n    echo \"error: The sandbox is not in sync with the Podfile.lock. Run 'pod install' or update your CocoaPods installation.\" >&2\n    exit 1\nfi\n";
			showEnvVarsInLog = 0;
		};
		4CF0C0C6B3A00FEA5A44030E /* [CP] Embed Pods Frameworks */ = {
			isa = PBXShellScriptBuildPhase;
			buildActionMask = 2147483647;
			files = (
			);
			inputPaths = (
			);
			name = "[CP] Embed Pods Frameworks";
			outputPaths = (
			);
			runOnlyForDeploymentPostprocessing = 0;
			shellPath = /bin/sh;
			shellScript = "\"${SRCROOT}/Pods/Target Support Files/Pods-Issue MapUITests/Pods-Issue MapUITests-frameworks.sh\"\n";
			showEnvVarsInLog = 0;
		};
		61D073C057D9542949AE498D /* [CP] Copy Pods Resources */ = {
			isa = PBXShellScriptBuildPhase;
			buildActionMask = 2147483647;
			files = (
			);
			inputPaths = (
			);
			name = "[CP] Copy Pods Resources";
			outputPaths = (
			);
			runOnlyForDeploymentPostprocessing = 0;
			shellPath = /bin/sh;
			shellScript = "\"${SRCROOT}/Pods/Target Support Files/Pods-Issue MapTests/Pods-Issue MapTests-resources.sh\"\n";
			showEnvVarsInLog = 0;
		};
		A079FCDD1E008638787F4D8F /* [CP] Check Pods Manifest.lock */ = {
			isa = PBXShellScriptBuildPhase;
			buildActionMask = 2147483647;
			files = (
			);
			inputPaths = (
			);
			name = "[CP] Check Pods Manifest.lock";
			outputPaths = (
			);
			runOnlyForDeploymentPostprocessing = 0;
			shellPath = /bin/sh;
			shellScript = "diff \"${PODS_ROOT}/../Podfile.lock\" \"${PODS_ROOT}/Manifest.lock\" > /dev/null\nif [ $? != 0 ] ; then\n    # print error to STDERR\n    echo \"error: The sandbox is not in sync with the Podfile.lock. Run 'pod install' or update your CocoaPods installation.\" >&2\n    exit 1\nfi\n";
			showEnvVarsInLog = 0;
		};
		B53B10EC0600A079A43D2E67 /* [CP] Check Pods Manifest.lock */ = {
			isa = PBXShellScriptBuildPhase;
			buildActionMask = 2147483647;
			files = (
			);
			inputPaths = (
			);
			name = "[CP] Check Pods Manifest.lock";
			outputPaths = (
			);
			runOnlyForDeploymentPostprocessing = 0;
			shellPath = /bin/sh;
			shellScript = "diff \"${PODS_ROOT}/../Podfile.lock\" \"${PODS_ROOT}/Manifest.lock\" > /dev/null\nif [ $? != 0 ] ; then\n    # print error to STDERR\n    echo \"error: The sandbox is not in sync with the Podfile.lock. Run 'pod install' or update your CocoaPods installation.\" >&2\n    exit 1\nfi\n";
			showEnvVarsInLog = 0;
		};
/* End PBXShellScriptBuildPhase section */

/* Begin PBXSourcesBuildPhase section */
		C36A71FF1DFB372A00557C49 /* Sources */ = {
			isa = PBXSourcesBuildPhase;
			buildActionMask = 2147483647;
			files = (
				C36A72401DFB421300557C49 /* IssuesListViewController.swift in Sources */,
				C36A72091DFB372A00557C49 /* ViewController.swift in Sources */,
				C36A723A1DFB3F7A00557C49 /* BitbucketAPIService.swift in Sources */,
				C36A723E1DFB411A00557C49 /* IssueAPIResult.swift in Sources */,
				C36A72071DFB372A00557C49 /* AppDelegate.swift in Sources */,
				C36A723C1DFB40F500557C49 /* Issue.swift in Sources */,
			);
			runOnlyForDeploymentPostprocessing = 0;
		};
		C36A72131DFB372A00557C49 /* Sources */ = {
			isa = PBXSourcesBuildPhase;
			buildActionMask = 2147483647;
			files = (
				C36A721C1DFB372A00557C49 /* Issue_MapTests.swift in Sources */,
			);
			runOnlyForDeploymentPostprocessing = 0;
		};
		C36A721E1DFB372A00557C49 /* Sources */ = {
			isa = PBXSourcesBuildPhase;
			buildActionMask = 2147483647;
			files = (
				C36A72271DFB372A00557C49 /* Issue_MapUITests.swift in Sources */,
			);
			runOnlyForDeploymentPostprocessing = 0;
		};
/* End PBXSourcesBuildPhase section */

/* Begin PBXTargetDependency section */
		C36A72191DFB372A00557C49 /* PBXTargetDependency */ = {
			isa = PBXTargetDependency;
			target = C36A72021DFB372A00557C49 /* Issue Map */;
			targetProxy = C36A72181DFB372A00557C49 /* PBXContainerItemProxy */;
		};
		C36A72241DFB372A00557C49 /* PBXTargetDependency */ = {
			isa = PBXTargetDependency;
			target = C36A72021DFB372A00557C49 /* Issue Map */;
			targetProxy = C36A72231DFB372A00557C49 /* PBXContainerItemProxy */;
		};
/* End PBXTargetDependency section */

/* Begin PBXVariantGroup section */
		C36A720A1DFB372A00557C49 /* Main.storyboard */ = {
			isa = PBXVariantGroup;
			children = (
				C36A720B1DFB372A00557C49 /* Base */,
			);
			name = Main.storyboard;
			sourceTree = "<group>";
		};
		C36A720F1DFB372A00557C49 /* LaunchScreen.storyboard */ = {
			isa = PBXVariantGroup;
			children = (
				C36A72101DFB372A00557C49 /* Base */,
			);
			name = LaunchScreen.storyboard;
			sourceTree = "<group>";
		};
/* End PBXVariantGroup section */

/* Begin XCBuildConfiguration section */
		C36A72291DFB372A00557C49 /* Debug */ = {
			isa = XCBuildConfiguration;
			buildSettings = {
				ALWAYS_SEARCH_USER_PATHS = NO;
				CLANG_ANALYZER_NONNULL = YES;
				CLANG_CXX_LANGUAGE_STANDARD = "gnu++0x";
				CLANG_CXX_LIBRARY = "libc++";
				CLANG_ENABLE_MODULES = YES;
				CLANG_ENABLE_OBJC_ARC = YES;
				CLANG_WARN_BOOL_CONVERSION = YES;
				CLANG_WARN_CONSTANT_CONVERSION = YES;
				CLANG_WARN_DIRECT_OBJC_ISA_USAGE = YES_ERROR;
				CLANG_WARN_DOCUMENTATION_COMMENTS = YES;
				CLANG_WARN_EMPTY_BODY = YES;
				CLANG_WARN_ENUM_CONVERSION = YES;
				CLANG_WARN_INFINITE_RECURSION = YES;
				CLANG_WARN_INT_CONVERSION = YES;
				CLANG_WARN_OBJC_ROOT_CLASS = YES_ERROR;
				CLANG_WARN_SUSPICIOUS_MOVES = YES;
				CLANG_WARN_UNREACHABLE_CODE = YES;
				CLANG_WARN__DUPLICATE_METHOD_MATCH = YES;
				"CODE_SIGN_IDENTITY[sdk=iphoneos*]" = "iPhone Developer";
				COPY_PHASE_STRIP = NO;
				DEBUG_INFORMATION_FORMAT = dwarf;
				ENABLE_STRICT_OBJC_MSGSEND = YES;
				ENABLE_TESTABILITY = YES;
				GCC_C_LANGUAGE_STANDARD = gnu99;
				GCC_DYNAMIC_NO_PIC = NO;
				GCC_NO_COMMON_BLOCKS = YES;
				GCC_OPTIMIZATION_LEVEL = 0;
				GCC_PREPROCESSOR_DEFINITIONS = (
					"DEBUG=1",
					"$(inherited)",
				);
				GCC_WARN_64_TO_32_BIT_CONVERSION = YES;
				GCC_WARN_ABOUT_RETURN_TYPE = YES_ERROR;
				GCC_WARN_UNDECLARED_SELECTOR = YES;
				GCC_WARN_UNINITIALIZED_AUTOS = YES_AGGRESSIVE;
				GCC_WARN_UNUSED_FUNCTION = YES;
				GCC_WARN_UNUSED_VARIABLE = YES;
				IPHONEOS_DEPLOYMENT_TARGET = 10.1;
				MTL_ENABLE_DEBUG_INFO = YES;
				ONLY_ACTIVE_ARCH = YES;
				SDKROOT = iphoneos;
				SWIFT_ACTIVE_COMPILATION_CONDITIONS = DEBUG;
				SWIFT_OPTIMIZATION_LEVEL = "-Onone";
				TARGETED_DEVICE_FAMILY = "1,2";
			};
			name = Debug;
		};
		C36A722A1DFB372A00557C49 /* Release */ = {
			isa = XCBuildConfiguration;
			buildSettings = {
				ALWAYS_SEARCH_USER_PATHS = NO;
				CLANG_ANALYZER_NONNULL = YES;
				CLANG_CXX_LANGUAGE_STANDARD = "gnu++0x";
				CLANG_CXX_LIBRARY = "libc++";
				CLANG_ENABLE_MODULES = YES;
				CLANG_ENABLE_OBJC_ARC = YES;
				CLANG_WARN_BOOL_CONVERSION = YES;
				CLANG_WARN_CONSTANT_CONVERSION = YES;
				CLANG_WARN_DIRECT_OBJC_ISA_USAGE = YES_ERROR;
				CLANG_WARN_DOCUMENTATION_COMMENTS = YES;
				CLANG_WARN_EMPTY_BODY = YES;
				CLANG_WARN_ENUM_CONVERSION = YES;
				CLANG_WARN_INFINITE_RECURSION = YES;
				CLANG_WARN_INT_CONVERSION = YES;
				CLANG_WARN_OBJC_ROOT_CLASS = YES_ERROR;
				CLANG_WARN_SUSPICIOUS_MOVES = YES;
				CLANG_WARN_UNREACHABLE_CODE = YES;
				CLANG_WARN__DUPLICATE_METHOD_MATCH = YES;
				"CODE_SIGN_IDENTITY[sdk=iphoneos*]" = "iPhone Developer";
				COPY_PHASE_STRIP = NO;
				DEBUG_INFORMATION_FORMAT = "dwarf-with-dsym";
				ENABLE_NS_ASSERTIONS = NO;
				ENABLE_STRICT_OBJC_MSGSEND = YES;
				GCC_C_LANGUAGE_STANDARD = gnu99;
				GCC_NO_COMMON_BLOCKS = YES;
				GCC_WARN_64_TO_32_BIT_CONVERSION = YES;
				GCC_WARN_ABOUT_RETURN_TYPE = YES_ERROR;
				GCC_WARN_UNDECLARED_SELECTOR = YES;
				GCC_WARN_UNINITIALIZED_AUTOS = YES_AGGRESSIVE;
				GCC_WARN_UNUSED_FUNCTION = YES;
				GCC_WARN_UNUSED_VARIABLE = YES;
				IPHONEOS_DEPLOYMENT_TARGET = 10.1;
				MTL_ENABLE_DEBUG_INFO = NO;
				SDKROOT = iphoneos;
				SWIFT_OPTIMIZATION_LEVEL = "-Owholemodule";
				TARGETED_DEVICE_FAMILY = "1,2";
				VALIDATE_PRODUCT = YES;
			};
			name = Release;
		};
		C36A722C1DFB372A00557C49 /* Debug */ = {
			isa = XCBuildConfiguration;
			baseConfigurationReference = FB0350269ABCCC2F80F68D10 /* Pods-Issue Map.debug.xcconfig */;
			buildSettings = {
				ASSETCATALOG_COMPILER_APPICON_NAME = AppIcon;
				INFOPLIST_FILE = "Issue Map/Info.plist";
				LD_RUNPATH_SEARCH_PATHS = "$(inherited) @executable_path/Frameworks";
				PRODUCT_BUNDLE_IDENTIFIER = "com.ronaldsmartin.Issue-Map";
				PRODUCT_NAME = "$(TARGET_NAME)";
				SWIFT_VERSION = 3.0;
			};
			name = Debug;
		};
		C36A722D1DFB372A00557C49 /* Release */ = {
			isa = XCBuildConfiguration;
			baseConfigurationReference = 50010F1BA3F41B71466C08E8 /* Pods-Issue Map.release.xcconfig */;
			buildSettings = {
				ASSETCATALOG_COMPILER_APPICON_NAME = AppIcon;
				INFOPLIST_FILE = "Issue Map/Info.plist";
				LD_RUNPATH_SEARCH_PATHS = "$(inherited) @executable_path/Frameworks";
				PRODUCT_BUNDLE_IDENTIFIER = "com.ronaldsmartin.Issue-Map";
				PRODUCT_NAME = "$(TARGET_NAME)";
				SWIFT_VERSION = 3.0;
			};
			name = Release;
		};
		C36A722F1DFB372A00557C49 /* Debug */ = {
			isa = XCBuildConfiguration;
			baseConfigurationReference = F47507735837E933E795AC6D /* Pods-Issue MapTests.debug.xcconfig */;
			buildSettings = {
				ALWAYS_EMBED_SWIFT_STANDARD_LIBRARIES = YES;
				BUNDLE_LOADER = "$(TEST_HOST)";
				INFOPLIST_FILE = "Issue MapTests/Info.plist";
				LD_RUNPATH_SEARCH_PATHS = "$(inherited) @executable_path/Frameworks @loader_path/Frameworks";
				PRODUCT_BUNDLE_IDENTIFIER = "com.ronaldsmartin.Issue-MapTests";
				PRODUCT_NAME = "$(TARGET_NAME)";
				SWIFT_VERSION = 3.0;
				TEST_HOST = "$(BUILT_PRODUCTS_DIR)/Issue Map.app/Issue Map";
			};
			name = Debug;
		};
		C36A72301DFB372A00557C49 /* Release */ = {
			isa = XCBuildConfiguration;
			baseConfigurationReference = E6E839AF0EA809094A3B7105 /* Pods-Issue MapTests.release.xcconfig */;
			buildSettings = {
				ALWAYS_EMBED_SWIFT_STANDARD_LIBRARIES = YES;
				BUNDLE_LOADER = "$(TEST_HOST)";
				INFOPLIST_FILE = "Issue MapTests/Info.plist";
				LD_RUNPATH_SEARCH_PATHS = "$(inherited) @executable_path/Frameworks @loader_path/Frameworks";
				PRODUCT_BUNDLE_IDENTIFIER = "com.ronaldsmartin.Issue-MapTests";
				PRODUCT_NAME = "$(TARGET_NAME)";
				SWIFT_VERSION = 3.0;
				TEST_HOST = "$(BUILT_PRODUCTS_DIR)/Issue Map.app/Issue Map";
			};
			name = Release;
		};
		C36A72321DFB372A00557C49 /* Debug */ = {
			isa = XCBuildConfiguration;
			baseConfigurationReference = DF91C9EE25BD1843333A6AF4 /* Pods-Issue MapUITests.debug.xcconfig */;
			buildSettings = {
				ALWAYS_EMBED_SWIFT_STANDARD_LIBRARIES = YES;
				INFOPLIST_FILE = "Issue MapUITests/Info.plist";
				LD_RUNPATH_SEARCH_PATHS = "$(inherited) @executable_path/Frameworks @loader_path/Frameworks";
				PRODUCT_BUNDLE_IDENTIFIER = "com.ronaldsmartin.Issue-MapUITests";
				PRODUCT_NAME = "$(TARGET_NAME)";
				SWIFT_VERSION = 3.0;
				TEST_TARGET_NAME = "Issue Map";
			};
			name = Debug;
		};
		C36A72331DFB372A00557C49 /* Release */ = {
			isa = XCBuildConfiguration;
			baseConfigurationReference = 06EE2BBDB31DDC77D1545778 /* Pods-Issue MapUITests.release.xcconfig */;
			buildSettings = {
				ALWAYS_EMBED_SWIFT_STANDARD_LIBRARIES = YES;
				INFOPLIST_FILE = "Issue MapUITests/Info.plist";
				LD_RUNPATH_SEARCH_PATHS = "$(inherited) @executable_path/Frameworks @loader_path/Frameworks";
				PRODUCT_BUNDLE_IDENTIFIER = "com.ronaldsmartin.Issue-MapUITests";
				PRODUCT_NAME = "$(TARGET_NAME)";
				SWIFT_VERSION = 3.0;
				TEST_TARGET_NAME = "Issue Map";
			};
			name = Release;
		};
/* End XCBuildConfiguration section */

/* Begin XCConfigurationList section */
		C36A71FE1DFB372A00557C49 /* Build configuration list for PBXProject "Issue Map" */ = {
			isa = XCConfigurationList;
			buildConfigurations = (
				C36A72291DFB372A00557C49 /* Debug */,
				C36A722A1DFB372A00557C49 /* Release */,
			);
			defaultConfigurationIsVisible = 0;
			defaultConfigurationName = Release;
		};
		C36A722B1DFB372A00557C49 /* Build configuration list for PBXNativeTarget "Issue Map" */ = {
			isa = XCConfigurationList;
			buildConfigurations = (
				C36A722C1DFB372A00557C49 /* Debug */,
				C36A722D1DFB372A00557C49 /* Release */,
			);
			defaultConfigurationIsVisible = 0;
			defaultConfigurationName = Release;
		};
		C36A722E1DFB372A00557C49 /* Build configuration list for PBXNativeTarget "Issue MapTests" */ = {
			isa = XCConfigurationList;
			buildConfigurations = (
				C36A722F1DFB372A00557C49 /* Debug */,
				C36A72301DFB372A00557C49 /* Release */,
			);
			defaultConfigurationIsVisible = 0;
			defaultConfigurationName = Release;
		};
		C36A72311DFB372A00557C49 /* Build configuration list for PBXNativeTarget "Issue MapUITests" */ = {
			isa = XCConfigurationList;
			buildConfigurations = (
				C36A72321DFB372A00557C49 /* Debug */,
				C36A72331DFB372A00557C49 /* Release */,
			);
			defaultConfigurationIsVisible = 0;
			defaultConfigurationName = Release;
		};
/* End XCConfigurationList section */
	};
	rootObject = C36A71FB1DFB372A00557C49 /* Project object */;
}
